{
  "name": "clawsembly-browserpod-evidence-host",
  "version": "0.0.0",
  "lockfileVersion": 3,
  "requires": true,
  "packages": {
    "": {
      "name": "clawsembly-browserpod-evidence-host",
      "version": "0.0.0",
      "license": "MIT",
      "dependencies": {
        "@leaningtech/browserpod": "2.12.1"
      }
    },
    "node_modules/@leaningtech/browserpod": {
      "version": "2.12.1",
      "resolved": "https://registry.npmjs.org/@leaningtech/browserpod/-/browserpod-2.12.1.tgz",
      "integrity": "sha512-KHaq3Sv2bRgtw0eGat1CwwFcHfAOrOW7Jgqzu4EsXqr+ASoaDrHn963KEr5AS1lIlNCqO4BAiL8QzP4XPk8iCQ==",
      "license": "SEE LICENSE IN LICENSE.txt"
    }
  }
}
